
Microsoft Visual Studio Solution File, Format Version 12.00
# Visual Studio 15
VisualStudioVersion = 15.0.27004.2009
MinimumVisualStudioVersion = 10.0.40219.1
Project("{FAE04EC0-301F-11D3-BF4B-00C04F79EFBC}") = "LydSemesterModtagBroadcast", "LydSemesterModtagBroadcast\LydSemesterModtagBroadcast.csproj", "{04A18E84-41C4-4B29-A1CE-4DDF3AA34504}"
EndProject
Project("{FAE04EC0-301F-11D3-BF4B-00C04F79EFBC}") = "LydSemesterModtagBroadcastTests", "LydSemesterModtagBroadcastTests\LydSemesterModtagBroadcastTests.csproj", "{AD8E02B9-C343-43D4-9EE4-6963CFECBFCA}"
EndProject
Project("{FAE04EC0-301F-11D3-BF4B-00C04F79EFBC}") = "teststed", "teststed\teststed.csproj", "{FFB3D7EB-E3A2-418E-9FF6-7CBCDF8F79B3}"
EndProject
Global
	GlobalSection(SolutionConfigurationPlatforms) = preSolution
		Debug|Any CPU = Debug|Any CPU
		Release|Any CPU = Release|Any CPU
	EndGlobalSection
	GlobalSection(ProjectConfigurationPlatforms) = postSolution
		{04A18E84-41C4-4B29-A1CE-4DDF3AA34504}.Debug|Any CPU.ActiveCfg = Debug|Any CPU
		{04A18E84-41C4-4B29-A1CE-4DDF3AA34504}.Debug|Any CPU.Build.0 = Debug|Any CPU
		{04A18E84-41C4-4B29-A1CE-4DDF3AA34504}.Release|Any CPU.ActiveCfg = Release|Any CPU
		{04A18E84-41C4-4B29-A1CE-4DDF3AA34504}.Release|Any CPU.Build.0 = Release|Any CPU
		{AD8E02B9-C343-43D4-9EE4-6963CFECBFCA}.Debug|Any CPU.ActiveCfg = Debug|Any CPU
		{AD8E02B9-C343-43D4-9EE4-6963CFECBFCA}.Debug|Any CPU.Build.0 = Debug|Any CPU
		{AD8E02B9-C343-43D4-9EE4-6963CFECBFCA}.Release|Any CPU.ActiveCfg = Release|Any CPU
		{AD8E02B9-C343-43D4-9EE4-6963CFECBFCA}.Release|Any CPU.Build.0 = Release|Any CPU
		{FFB3D7EB-E3A2-418E-9FF6-7CBCDF8F79B3}.Debug|Any CPU.ActiveCfg = Debug|Any CPU
		{FFB3D7EB-E3A2-418E-9FF6-7CBCDF8F79B3}.Debug|Any CPU.Build.0 = Debug|Any CPU
		{FFB3D7EB-E3A2-418E-9FF6-7CBCDF8F79B3}.Release|Any CPU.ActiveCfg = Release|Any CPU
		{FFB3D7EB-E3A2-418E-9FF6-7CBCDF8F79B3}.Release|Any CPU.Build.0 = Release|Any CPU
	EndGlobalSection
	GlobalSection(SolutionProperties) = preSolution
		HideSolutionNode = FALSE
	EndGlobalSection
	GlobalSection(ExtensibilityGlobals) = postSolution
		SolutionGuid = {965D09C9-DC9E-4572-B96F-7836D8DFBF06}
	EndGlobalSection
EndGlobal
